# THIS IS AN AUTOGENERATED FILE. DO NOT EDIT THIS FILE DIRECTLY.
# yarn lockfile v1


abort-controller@3.0.0:
  version "3.0.0"
  resolved "https://registry.yarnpkg.com/abort-controller/-/abort-controller-3.0.0.tgz#eaf54d53b62bae4138e809ca225c8439a6efb392"
  integrity sha512-h8lQ8tacZYnR3vNQTgibj+tODHI5/+l06Au2Pcriv/Gmet0eaj4TwWH41sO9wnHDiQsEj19q0drzdWdeAHtweg==
  dependencies:
    event-target-shim "^5.0.0"

abstract-leveldown@^6.2.1:
  version "6.3.0"
  resolved "https://registry.yarnpkg.com/abstract-leveldown/-/abstract-leveldown-6.3.0.tgz#d25221d1e6612f820c35963ba4bd739928f6026a"
  integrity sha512-TU5nlYgta8YrBMNpc9FwQzRbiXsj49gsALsXadbGHt9CROPzX5fB0rWDR5mtdpOOKa5XqRFpbj1QroPAoPzVjQ==
  dependencies:
    buffer "^5.5.0"
    immediate "^3.2.3"
    level-concat-iterator "~2.0.0"
    level-supports "~1.0.0"
    xtend "~4.0.0"

abstract-leveldown@~6.0.0:
  version "6.0.3"
  resolved "https://registry.yarnpkg.com/abstract-leveldown/-/abstract-leveldown-6.0.3.tgz#b4b6159343c74b0c5197b2817854782d8f748c4a"
  integrity sha512-jzewKKpZbaYUa6HTThnrl+GrJhzjEAeuc7hTVpZdzg7kupXZFoqQDFwyOwLNbmJKJlmzw8yiipMPkDiuKkT06Q==
  dependencies:
    level-concat-iterator "~2.0.0"
    xtend "~4.0.0"

abstract-leveldown@~6.2.1, abstract-leveldown@~6.2.3:
  version "6.2.3"
  resolved "https://registry.yarnpkg.com/abstract-leveldown/-/abstract-leveldown-6.2.3.tgz#036543d87e3710f2528e47040bc3261b77a9a8eb"
  integrity sha512-BsLm5vFMRUrrLeCcRc+G0t2qOaTzpoJQLOubq2XM72eNpjF5UdU5o/5NvlNhx95XHcAvcl8OMXr4mlg/fRgUXQ==
  dependencies:
    buffer "^5.5.0"
    immediate "^3.2.3"
    level-concat-iterator "~2.0.0"
    level-supports "~1.0.0"
    xtend "~4.0.0"

argsarray@0.0.1:
  version "0.0.1"
  resolved "https://registry.yarnpkg.com/argsarray/-/argsarray-0.0.1.tgz#6e7207b4ecdb39b0af88303fa5ae22bda8df61cb"
  integrity sha1-bnIHtOzbObCviDA/pa4ivajfYcs=

base64-js@^1.0.2:
  version "1.3.1"
  resolved "https://registry.yarnpkg.com/base64-js/-/base64-js-1.3.1.tgz#58ece8cb75dd07e71ed08c736abc5fac4dbf8df1"
  integrity sha512-mLQ4i2QO1ytvGWFWmcngKO//JXAQueZvwEKtjgQFM4jIK0kU+ytMfplL8j+n5mspOfjHwoAg+9yhb7BwAHm36g==

buffer-from@1.1.0:
  version "1.1.0"
  resolved "https://registry.yarnpkg.com/buffer-from/-/buffer-from-1.1.0.tgz#87fcaa3a298358e0ade6e442cfce840740d1ad04"
  integrity sha512-c5mRlguI/Pe2dSZmpER62rSCu0ryKmWddzRYsuXc50U2/g8jMOulc31VZMa4mYx31U5xsmSOpDCgH88Vl9cDGQ==

buffer@^5.5.0, buffer@^5.6.0:
  version "5.6.0"
  resolved "https://registry.yarnpkg.com/buffer/-/buffer-5.6.0.tgz#a31749dc7d81d84db08abf937b6b8c4033f62786"
  integrity sha512-/gDYp/UtU0eA1ys8bOs9J6a+E/KWIY+DZ+Q2WESNUA0jFRsJOc0SNUO6xJ5SGA1xueg3NL65W6s+NY5l9cunuw==
  dependencies:
    base64-js "^1.0.2"
    ieee754 "^1.1.4"

clone-buffer@1.0.0:
  version "1.0.0"
  resolved "https://registry.yarnpkg.com/clone-buffer/-/clone-buffer-1.0.0.tgz#e3e25b207ac4e701af721e2cb5a16792cac3dc58"
  integrity sha1-4+JbIHrE5wGvch4staFnksrD3Fg=

core-util-is@~1.0.0:
  version "1.0.2"
  resolved "https://registry.yarnpkg.com/core-util-is/-/core-util-is-1.0.2.tgz#b5fd54220aa2bc5ab57aab7140c940754503c1a7"
  integrity sha1-tf1UIgqivFq1eqtxQMlAdUUDwac=

deferred-leveldown@~5.1.0:
  version "5.1.0"
  resolved "https://registry.yarnpkg.com/deferred-leveldown/-/deferred-leveldown-5.1.0.tgz#c21e40641a8e48530255a4ad31371cc7fe76b332"
  integrity sha512-PvDY+BT2ONu2XVRgxHb77hYelLtMYxKSGuWuJJdVRXh9ntqx9GYTFJno/SKAz5xcd+yjQwyQeIZrUPjPvA52mg==
  dependencies:
    abstract-leveldown "~6.0.0"
    inherits "^2.0.3"

deferred-leveldown@~5.3.0:
  version "5.3.0"
  resolved "https://registry.yarnpkg.com/deferred-leveldown/-/deferred-leveldown-5.3.0.tgz#27a997ad95408b61161aa69bd489b86c71b78058"
  integrity sha512-a59VOT+oDy7vtAbLRCZwWgxu2BaCfd5Hk7wxJd48ei7I+nsg8Orlb9CLG0PMZienk9BSUKgeAqkO2+Lw+1+Ukw==
  dependencies:
    abstract-leveldown "~6.2.1"
    inherits "^2.0.3"

double-ended-queue@2.1.0-0:
  version "2.1.0-0"
  resolved "https://registry.yarnpkg.com/double-ended-queue/-/double-ended-queue-2.1.0-0.tgz#103d3527fd31528f40188130c841efdd78264e5c"
  integrity sha1-ED01J/0xUo9AGIEwyEHv3XgmTlw=

encoding-down@^6.3.0:
  version "6.3.0"
  resolved "https://registry.yarnpkg.com/encoding-down/-/encoding-down-6.3.0.tgz#b1c4eb0e1728c146ecaef8e32963c549e76d082b"
  integrity sha512-QKrV0iKR6MZVJV08QY0wp1e7vF6QbhnbQhb07bwpEyuz4uZiZgPlEGdkCROuFkUwdxlFaiPIhjyarH1ee/3vhw==
  dependencies:
    abstract-leveldown "^6.2.1"
    inherits "^2.0.3"
    level-codec "^9.0.0"
    level-errors "^2.0.0"

end-stream@~0.1.0:
  version "0.1.0"
  resolved "https://registry.yarnpkg.com/end-stream/-/end-stream-0.1.0.tgz#32003f3f438a2b0143168137f8fa6e9866c81ed5"
  integrity sha1-MgA/P0OKKwFDFoE3+PpumGbIHtU=
  dependencies:
    write-stream "~0.4.3"

errno@~0.1.1:
  version "0.1.7"
  resolved "https://registry.yarnpkg.com/errno/-/errno-0.1.7.tgz#4684d71779ad39af177e3f007996f7c67c852618"
  integrity sha512-MfrRBDWzIWifgq6tJj60gkAwtLNb6sQPlcFrSOflcP1aFmmruKQ2wRnze/8V6kgyz7H3FF8Npzv78mZ7XLLflg==
  dependencies:
    prr "~1.0.1"

es6-denodeify@^0.1.1:
  version "0.1.5"
  resolved "https://registry.yarnpkg.com/es6-denodeify/-/es6-denodeify-0.1.5.tgz#31d4d5fe9c5503e125460439310e16a2a3f39c1f"
  integrity sha1-MdTV/pxVA+ElRgQ5MQ4WoqPznB8=

event-target-shim@^5.0.0:
  version "5.0.1"
  resolved "https://registry.yarnpkg.com/event-target-shim/-/event-target-shim-5.0.1.tgz#5d4d3ebdf9583d63a5333ce2deb7480ab2b05789"
  integrity sha512-i/2XbnSz/uxRCU6+NdVJgKWDTM427+MqYbkQzD321DuCQJUqOuJKIA0IM2+W2xtYHdKOmZ4dR6fExsd4SXL+WQ==

fetch-cookie@0.7.3:
  version "0.7.3"
  resolved "https://registry.yarnpkg.com/fetch-cookie/-/fetch-cookie-0.7.3.tgz#b8d023f421dd2b2f4a0eca9cd7318a967ed4eed8"
  integrity sha512-rZPkLnI8x5V+zYAiz8QonAHsTb4BY+iFowFBI1RFn0zrO343AVp9X7/yUj/9wL6Ef/8fLls8b/vGtzUvmyAUGA==
  dependencies:
    es6-denodeify "^0.1.1"
    tough-cookie "^2.3.3"

ieee754@^1.1.4:
  version "1.1.13"
  resolved "https://registry.yarnpkg.com/ieee754/-/ieee754-1.1.13.tgz#ec168558e95aa181fd87d37f55c32bbcb6708b84"
  integrity sha512-4vf7I2LYV/HaWerSo3XmlMkp5eZ83i+/CDluXi/IGTs/O1sejBNhTtnxzmRZfvOUqj7lZjqHkeTvpgSFDlWZTg==

immediate@3.0.6, immediate@~3.0.5:
  version "3.0.6"
  resolved "https://registry.yarnpkg.com/immediate/-/immediate-3.0.6.tgz#9db1dbd0faf8de6fbe0f5dd5e56bb606280de69b"
  integrity sha1-nbHb0Pr43m++D13V5Wu2BigN5ps=

immediate@^3.2.3:
  version "3.3.0"
  resolved "https://registry.yarnpkg.com/immediate/-/immediate-3.3.0.tgz#1aef225517836bcdf7f2a2de2600c79ff0269266"
  integrity sha512-HR7EVodfFUdQCTIeySw+WDRFJlPcLOJbXfwwZ7Oom6tjsvZ3bOkCDJHehQC3nxJrv7+f9XecwazynjU8e4Vw3Q==

inherits@2.0.4, inherits@^2.0.3, inherits@^2.0.4, inherits@~2.0.1:
  version "2.0.4"
  resolved "https://registry.yarnpkg.com/inherits/-/inherits-2.0.4.tgz#0fa2c64f932917c3433a0ded55363aae37416b7c"
  integrity sha512-k/vGaX4/Yla3WzyMCvTQOXYeIHvqOKtnqBduzTHpzpQZzAskKMhZ2K+EnBiSM9zGSoIFeMpXKxa4dYeZIQqewQ==

isarray@0.0.1:
  version "0.0.1"
  resolved "https://registry.yarnpkg.com/isarray/-/isarray-0.0.1.tgz#8a18acfca9a8f4177e09abfc6038939b05d1eedf"
  integrity sha1-ihis/Kmo9Bd+Cav8YDiTmwXR7t8=

level-codec@9.0.1:
  version "9.0.1"
  resolved "https://registry.yarnpkg.com/level-codec/-/level-codec-9.0.1.tgz#042f4aa85e56d4328ace368c950811ba802b7247"
  integrity sha512-ajFP0kJ+nyq4i6kptSM+mAvJKLOg1X5FiFPtLG9M5gCEZyBmgDi3FkDrvlMkEzrUn1cWxtvVmrvoS4ASyO/q+Q==

level-codec@^9.0.0:
  version "9.0.2"
  resolved "https://registry.yarnpkg.com/level-codec/-/level-codec-9.0.2.tgz#fd60df8c64786a80d44e63423096ffead63d8cbc"
  integrity sha512-UyIwNb1lJBChJnGfjmO0OR+ezh2iVu1Kas3nvBS/BzGnx79dv6g7unpKIDNPMhfdTEGoc7mC8uAu51XEtX+FHQ==
  dependencies:
    buffer "^5.6.0"

level-concat-iterator@~2.0.0:
  version "2.0.1"
  resolved "https://registry.yarnpkg.com/level-concat-iterator/-/level-concat-iterator-2.0.1.tgz#1d1009cf108340252cb38c51f9727311193e6263"
  integrity sha512-OTKKOqeav2QWcERMJR7IS9CUo1sHnke2C0gkSmcR7QuEtFNLLzHQAvnMw8ykvEcv0Qtkg0p7FOwP1v9e5Smdcw==

level-errors@^2.0.0, level-errors@~2.0.0:
  version "2.0.1"
  resolved "https://registry.yarnpkg.com/level-errors/-/level-errors-2.0.1.tgz#2132a677bf4e679ce029f517c2f17432800c05c8"
  integrity sha512-UVprBJXite4gPS+3VznfgDSU8PTRuVX0NXwoWW50KLxd2yw4Y1t2JUR5In1itQnudZqRMT9DlAM3Q//9NCjCFw==
  dependencies:
    errno "~0.1.1"

level-iterator-stream@~4.0.0:
  version "4.0.2"
  resolved "https://registry.yarnpkg.com/level-iterator-stream/-/level-iterator-stream-4.0.2.tgz#7ceba69b713b0d7e22fcc0d1f128ccdc8a24f79c"
  integrity sha512-ZSthfEqzGSOMWoUGhTXdX9jv26d32XJuHz/5YnuHZzH6wldfWMOVwI9TBtKcya4BKTyTt3XVA0A3cF3q5CY30Q==
  dependencies:
    inherits "^2.0.4"
    readable-stream "^3.4.0"
    xtend "^4.0.2"

level-js@^5.0.0:
  version "5.0.2"
  resolved "https://registry.yarnpkg.com/level-js/-/level-js-5.0.2.tgz#5e280b8f93abd9ef3a305b13faf0b5397c969b55"
  integrity sha512-SnBIDo2pdO5VXh02ZmtAyPP6/+6YTJg2ibLtl9C34pWvmtMEmRTWpra+qO/hifkUtBTOtfx6S9vLDjBsBK4gRg==
  dependencies:
    abstract-leveldown "~6.2.3"
    buffer "^5.5.0"
    inherits "^2.0.3"
    ltgt "^2.1.2"

level-packager@^5.1.0:
  version "5.1.1"
  resolved "https://registry.yarnpkg.com/level-packager/-/level-packager-5.1.1.tgz#323ec842d6babe7336f70299c14df2e329c18939"
  integrity sha512-HMwMaQPlTC1IlcwT3+swhqf/NUO+ZhXVz6TY1zZIIZlIR0YSn8GtAAWmIvKjNY16ZkEg/JcpAuQskxsXqC0yOQ==
  dependencies:
    encoding-down "^6.3.0"
    levelup "^4.3.2"

level-supports@~1.0.0:
  version "1.0.1"
  resolved "https://registry.yarnpkg.com/level-supports/-/level-supports-1.0.1.tgz#2f530a596834c7301622521988e2c36bb77d122d"
  integrity sha512-rXM7GYnW8gsl1vedTJIbzOrRv85c/2uCMpiiCzO2fndd06U/kUXEEU9evYn4zFggBOg36IsBW8LzqIpETwwQzg==
  dependencies:
    xtend "^4.0.2"

level-write-stream@1.0.0:
  version "1.0.0"
  resolved "https://registry.yarnpkg.com/level-write-stream/-/level-write-stream-1.0.0.tgz#3f7fbb679a55137c0feb303dee766e12ee13c1dc"
  integrity sha1-P3+7Z5pVE3wP6zA97nZuEu4Twdw=
  dependencies:
    end-stream "~0.1.0"

level@6.0.0:
  version "6.0.0"
  resolved "https://registry.yarnpkg.com/level/-/level-6.0.0.tgz#d216fb9b9c3940bcec15c5880d8da775ca086c5c"
  integrity sha512-3oAi7gXLLNr7pHj8c4vbI6lHkXf35m8qb7zWMrNTrOax6CXBVggQAwL1xnC/1CszyYrW3BsLXsY5TMgTxtKfFA==
  dependencies:
    level-js "^5.0.0"
    level-packager "^5.1.0"
    leveldown "^5.4.0"
    opencollective-postinstall "^2.0.0"

leveldown@5.4.1:
  version "5.4.1"
  resolved "https://registry.yarnpkg.com/leveldown/-/leveldown-5.4.1.tgz#83a8fdd9bb52b1ed69be2ef59822b6cdfcdb51ec"
  integrity sha512-3lMPc7eU3yj5g+qF1qlALInzIYnkySIosR1AsUKFjL9D8fYbTLuENBAeDRZXIG4qeWOAyqRItOoLu2v2avWiMA==
  dependencies:
    abstract-leveldown "~6.2.1"
    napi-macros "~2.0.0"
    node-gyp-build "~4.1.0"

leveldown@^5.4.0:
  version "5.6.0"
  resolved "https://registry.yarnpkg.com/leveldown/-/leveldown-5.6.0.tgz#16ba937bb2991c6094e13ac5a6898ee66d3eee98"
  integrity sha512-iB8O/7Db9lPaITU1aA2txU/cBEXAt4vWwKQRrrWuS6XDgbP4QZGj9BL2aNbwb002atoQ/lIotJkfyzz+ygQnUQ==
  dependencies:
    abstract-leveldown "~6.2.1"
    napi-macros "~2.0.0"
    node-gyp-build "~4.1.0"

levelup@4.1.0:
  version "4.1.0"
  resolved "https://registry.yarnpkg.com/levelup/-/levelup-4.1.0.tgz#49ab5d3a341731cd102f91c6bc17a1acb1969a17"
  integrity sha512-+Qhe2/jb5affN7BeFgWUUWVdYoGXO2nFS3QLEZKZynnQyP9xqA+7wgOz3fD8SST2UKpHQuZgjyJjTcB2nMl2dQ==
  dependencies:
    deferred-leveldown "~5.1.0"
    level-errors "~2.0.0"
    level-iterator-stream "~4.0.0"
    xtend "~4.0.0"

levelup@^4.3.2:
  version "4.4.0"
  resolved "https://registry.yarnpkg.com/levelup/-/levelup-4.4.0.tgz#f89da3a228c38deb49c48f88a70fb71f01cafed6"
  integrity sha512-94++VFO3qN95cM/d6eBXvd894oJE0w3cInq9USsyQzzoJxmiYzPAocNcuGCPGGjoXqDVJcr3C1jzt1TSjyaiLQ==
  dependencies:
    deferred-leveldown "~5.3.0"
    level-errors "~2.0.0"
    level-iterator-stream "~4.0.0"
    level-supports "~1.0.0"
    xtend "~4.0.0"

lie@3.1.1:
  version "3.1.1"
  resolved "https://registry.yarnpkg.com/lie/-/lie-3.1.1.tgz#9a436b2cc7746ca59de7a41fa469b3efb76bd87e"
  integrity sha1-mkNrLMd0bKWd56QfpGmz77dr2H4=
  dependencies:
    immediate "~3.0.5"

ltgt@2.2.1, ltgt@^2.1.2:
  version "2.2.1"
  resolved "https://registry.yarnpkg.com/ltgt/-/ltgt-2.2.1.tgz#f35ca91c493f7b73da0e07495304f17b31f87ee5"
  integrity sha1-81ypHEk/e3PaDgdJUwTxezH4fuU=

napi-macros@~2.0.0:
  version "2.0.0"
  resolved "https://registry.yarnpkg.com/napi-macros/-/napi-macros-2.0.0.tgz#2b6bae421e7b96eb687aa6c77a7858640670001b"
  integrity sha512-A0xLykHtARfueITVDernsAWdtIMbOJgKgcluwENp3AlsKN/PloyO10HtmoqnFAQAcxPkgZN7wdfPfEd0zNGxbg==

node-fetch@2.4.1:
  version "2.4.1"
  resolved "https://registry.yarnpkg.com/node-fetch/-/node-fetch-2.4.1.tgz#b2e38f1117b8acbedbe0524f041fb3177188255d"
  integrity sha512-P9UbpFK87NyqBZzUuDBDz4f6Yiys8xm8j7ACDbi6usvFm6KItklQUKjeoqTrYS/S1k6I8oaOC2YLLDr/gg26Mw==

node-gyp-build@~4.1.0:
  version "4.1.1"
  resolved "https://registry.yarnpkg.com/node-gyp-build/-/node-gyp-build-4.1.1.tgz#d7270b5d86717068d114cc57fff352f96d745feb"
  integrity sha512-dSq1xmcPDKPZ2EED2S6zw/b9NKsqzXRE6dVr8TVQnI3FJOTteUMuqF3Qqs6LZg+mLGYJWqQzMbIjMtJqTv87nQ==

opencollective-postinstall@^2.0.0:
  version "2.0.3"
  resolved "https://registry.yarnpkg.com/opencollective-postinstall/-/opencollective-postinstall-2.0.3.tgz#7a0fff978f6dbfa4d006238fbac98ed4198c3259"
  integrity sha512-8AV/sCtuzUeTo8gQK5qDZzARrulB3egtLzFgteqB2tcT4Mw7B8Kt7JcDHmltjz6FOAHsvTevk70gZEbhM4ZS9Q==

pouchdb-abstract-mapreduce@7.2.1:
  version "7.2.1"
  resolved "https://registry.yarnpkg.com/pouchdb-abstract-mapreduce/-/pouchdb-abstract-mapreduce-7.2.1.tgz#ad87d89d0e376be8e7740b767365572422d940a8"
  integrity sha512-7/6y9MssOP1RIw1O/NDjP1M3s9/899p6ab6TV7/B1ZWZuNpm/wWfu3NaUwrFLgnZbb7IaIpTG9YVx6NvZgYd8g==
  dependencies:
    pouchdb-binary-utils "7.2.1"
    pouchdb-collate "7.2.1"
    pouchdb-collections "7.2.1"
    pouchdb-errors "7.2.1"
    pouchdb-fetch "7.2.1"
    pouchdb-mapreduce-utils "7.2.1"
    pouchdb-md5 "7.2.1"
    pouchdb-utils "7.2.1"

pouchdb-binary-utils@7.2.1:
  version "7.2.1"
  resolved "https://registry.yarnpkg.com/pouchdb-binary-utils/-/pouchdb-binary-utils-7.2.1.tgz#ad23ed63d09699e7e6244f846b5cf07c6d9d4b8b"
  integrity sha512-kbzOOYti/3d8s2bQY5EfJVd7c9E84q4oEpr1M8fOOHKnINZFteKkZQywD4roblUnew0Obyhvozif4LAr3CMZFg==
  dependencies:
    buffer-from "1.1.0"

pouchdb-collate@7.2.1:
  version "7.2.1"
  resolved "https://registry.yarnpkg.com/pouchdb-collate/-/pouchdb-collate-7.2.1.tgz#1e8bcd8c8d007fb93b9e259f18f9525144253102"
  integrity sha512-vE1wGPOSJy1QLpHG4Jo6c7/Fronc5zEwILP6vMw/tY3BbpRHKVFKcbdf7g1FICR1mb8WPqkSwzlQbniuNMYMGQ==

pouchdb-collections@7.2.1:
  version "7.2.1"
  resolved "https://registry.yarnpkg.com/pouchdb-collections/-/pouchdb-collections-7.2.1.tgz#768c2c578b22eda9ac0c92a4b1106d18f3c113fb"
  integrity sha512-cqe3GY3wDq2j59tnh+5ZV0bZj1O+YWiBz4qM7HEcgrEXnc29ADvXXPp71tmcpZUCR39bzLKyYtadAQu7FpOeOA==

pouchdb-errors@7.2.1:
  version "7.2.1"
  resolved "https://registry.yarnpkg.com/pouchdb-errors/-/pouchdb-errors-7.2.1.tgz#798f5279a0d363d6b93c97a1b65ee903f61af143"
  integrity sha512-/tBP+eWY6a62UoZnJ6JJlNmbNpNS5FgVimkqwLMrFQkXpbJlhshYDeJ5PHR0W3Rlfc54GMZC7m4KhJt9kG/CkA==
  dependencies:
    inherits "2.0.4"

pouchdb-fetch@7.2.1:
  version "7.2.1"
  resolved "https://registry.yarnpkg.com/pouchdb-fetch/-/pouchdb-fetch-7.2.1.tgz#f5373e7344b7434f53e900954b9b0caf71361a0a"
  integrity sha512-5P77dwl5qF6GLZk36N65RNIsCwcNX79NSmQJnnbx9KGSH2R9yuvADqPCUSAYanX0+YDWizv3BBC/0V/oe8qSGQ==
  dependencies:
    abort-controller "3.0.0"
    fetch-cookie "0.7.3"
    node-fetch "2.4.1"

pouchdb-find@^7.2.1:
  version "7.2.1"
  resolved "https://registry.yarnpkg.com/pouchdb-find/-/pouchdb-find-7.2.1.tgz#20604e7979bad74a0f423e5a30fc00d5aafed0e9"
  integrity sha512-cIgOJyjfHz4oKE/qpdTGODLLXcREWyAUWSBazB0YNkj4KSzZzEnKOR/L63cxEUAH09XvXd9M3a4NidNt9dVKAw==
  dependencies:
    pouchdb-abstract-mapreduce "7.2.1"
    pouchdb-collate "7.2.1"
    pouchdb-errors "7.2.1"
    pouchdb-fetch "7.2.1"
    pouchdb-md5 "7.2.1"
    pouchdb-selector-core "7.2.1"
    pouchdb-utils "7.2.1"

pouchdb-mapreduce-utils@7.2.1:
  version "7.2.1"
  resolved "https://registry.yarnpkg.com/pouchdb-mapreduce-utils/-/pouchdb-mapreduce-utils-7.2.1.tgz#ca0f1954b40b774ff427295373337f8def520f2b"
  integrity sha512-/7BEn9t+09PXBqQfC2mKiNkNAEOQ4OzwiEIKOIels0TRH8mCVXHjOZ4EC4526L+3aPhSxkUAkGBPbGdUJ5Sjjg==
  dependencies:
    argsarray "0.0.1"
    inherits "2.0.4"
    pouchdb-collections "7.2.1"
    pouchdb-utils "7.2.1"

pouchdb-md5@7.2.1:
  version "7.2.1"
  resolved "https://registry.yarnpkg.com/pouchdb-md5/-/pouchdb-md5-7.2.1.tgz#2b057b148b3f31491d77c4dd6b6139af31b07f66"
  integrity sha512-TJqGtNguctPiSai5b4+oTPi9oOcxSbNolkUtxRBxklf8kw+PNsDUi1H0DIFmA57n0qHCU19PXdbEVYlUhv/PAA==
  dependencies:
    pouchdb-binary-utils "7.2.1"
    spark-md5 "3.0.0"

pouchdb-promise@^6.1.2:
  version "6.4.3"
  resolved "https://registry.yarnpkg.com/pouchdb-promise/-/pouchdb-promise-6.4.3.tgz#74516f4acf74957b54debd0fb2c0e5b5a68ca7b3"
  integrity sha512-ruJaSFXwzsxRHQfwNHjQfsj58LBOY1RzGzde4PM5CWINZwFjCQAhZwfMrch2o/0oZT6d+Xtt0HTWhq35p3b0qw==
  dependencies:
    lie "3.1.1"

pouchdb-selector-core@7.2.1:
  version "7.2.1"
  resolved "https://registry.yarnpkg.com/pouchdb-selector-core/-/pouchdb-selector-core-7.2.1.tgz#0eb190dff1df62d416ba670fdd84565542aa0183"
  integrity sha512-omD/dSQIQjS0SIBCKJiACeoaPjJek+iDvQEUoTd51SjQR9aRGdKxkEO0+9qN1DJcf+mL4T/eSYYjqdeRwJ4L1A==
  dependencies:
    pouchdb-collate "7.2.1"
    pouchdb-utils "7.2.1"

pouchdb-upsert@^2.2.0:
  version "2.2.0"
  resolved "https://registry.yarnpkg.com/pouchdb-upsert/-/pouchdb-upsert-2.2.0.tgz#42b15e420848f3b294c35060589fdb51cf7f7f5f"
  integrity sha1-QrFeQghI87KUw1BgWJ/bUc9/f18=
  dependencies:
    pouchdb-promise "^6.1.2"

pouchdb-utils@7.2.1:
  version "7.2.1"
  resolved "https://registry.yarnpkg.com/pouchdb-utils/-/pouchdb-utils-7.2.1.tgz#5dec1c53c8ecba717e5762311e9a1def2d4ebf9c"
  integrity sha512-ZInfRpKtJ2HwLz2Dv3NEona9khvGud0rWzvQGwUs1zoaOoSB5XxK3ui5s5fLpBrONgz0WcTB49msOUq4oAUzFg==
  dependencies:
    argsarray "0.0.1"
    clone-buffer "1.0.0"
    immediate "3.0.6"
    inherits "2.0.4"
    pouchdb-collections "7.2.1"
    pouchdb-errors "7.2.1"
    pouchdb-md5 "7.2.1"
    uuid "3.3.3"

pouchdb@^7.2.1:
  version "7.2.1"
  resolved "https://registry.yarnpkg.com/pouchdb/-/pouchdb-7.2.1.tgz#619e3d5c2463ddd94a4b1bf40d44408c46e9de79"
  integrity sha512-AoDPdr6tFqj3xs7oiD2oioYj5MMu87c3UemRHZ/p++BwU+ZsKn5jpnL09OvWTLvMvaICGAOufiaUzmM1/KKoKQ==
  dependencies:
    abort-controller "3.0.0"
    argsarray "0.0.1"
    buffer-from "1.1.0"
    clone-buffer "1.0.0"
    double-ended-queue "2.1.0-0"
    fetch-cookie "0.7.3"
    immediate "3.0.6"
    inherits "2.0.4"
    level "6.0.0"
    level-codec "9.0.1"
    level-write-stream "1.0.0"
    leveldown "5.4.1"
    levelup "4.1.0"
    ltgt "2.2.1"
    node-fetch "2.4.1"
    readable-stream "1.0.33"
    spark-md5 "3.0.0"
    through2 "3.0.1"
    uuid "3.3.3"
    vuvuzela "1.0.3"

prr@~1.0.1:
  version "1.0.1"
  resolved "https://registry.yarnpkg.com/prr/-/prr-1.0.1.tgz#d3fc114ba06995a45ec6893f484ceb1d78f5f476"
  integrity sha1-0/wRS6BplaRexok/SEzrHXj19HY=

psl@^1.1.28:
  version "1.8.0"
  resolved "https://registry.yarnpkg.com/psl/-/psl-1.8.0.tgz#9326f8bcfb013adcc005fdff056acce020e51c24"
  integrity sha512-RIdOzyoavK+hA18OGGWDqUTsCLhtA7IcZ/6NCs4fFJaHBDab+pDDmDIByWFRQJq2Cd7r1OoQxBGKOaztq+hjIQ==

punycode@^2.1.1:
  version "2.1.1"
  resolved "https://registry.yarnpkg.com/punycode/-/punycode-2.1.1.tgz#b58b010ac40c22c5657616c8d2c2c02c7bf479ec"
  integrity sha512-XRsRjdf+j5ml+y/6GKHPZbrF/8p2Yga0JPtdqTIY2Xe5ohJPD9saDJJLPvp9+NSBprVvevdXZybnj2cv8OEd0A==

readable-stream@1.0.33:
  version "1.0.33"
  resolved "https://registry.yarnpkg.com/readable-stream/-/readable-stream-1.0.33.tgz#3a360dd66c1b1d7fd4705389860eda1d0f61126c"
  integrity sha1-OjYN1mwbHX/UcFOJhg7aHQ9hEmw=
  dependencies:
    core-util-is "~1.0.0"
    inherits "~2.0.1"
    isarray "0.0.1"
    string_decoder "~0.10.x"

"readable-stream@2 || 3", readable-stream@^3.4.0:
  version "3.6.0"
  resolved "https://registry.yarnpkg.com/readable-stream/-/readable-stream-3.6.0.tgz#337bbda3adc0706bd3e024426a286d4b4b2c9198"
  integrity sha512-BViHy7LKeTz4oNnkcLJ+lVSL6vpiFeX6/d3oSH8zCW7UxP2onchk+vTGB143xuFjHS3deTgkKoXXymXqymiIdA==
  dependencies:
    inherits "^2.0.3"
    string_decoder "^1.1.1"
    util-deprecate "^1.0.1"

readable-stream@~0.0.2:
  version "0.0.4"
  resolved "https://registry.yarnpkg.com/readable-stream/-/readable-stream-0.0.4.tgz#f32d76e3fb863344a548d79923007173665b3b8d"
  integrity sha1-8y124/uGM0SlSNeZIwBxc2ZbO40=

safe-buffer@~5.2.0:
  version "5.2.1"
  resolved "https://registry.yarnpkg.com/safe-buffer/-/safe-buffer-5.2.1.tgz#1eaf9fa9bdb1fdd4ec75f58f9cdb4e6b7827eec6"
  integrity sha512-rp3So07KcdmmKbGvgaNxQSJr7bGVSVk5S9Eq1F+ppbRo70+YeaDxkw5Dd8NPN+GD6bjnYm2VuPuCXmpuYvmCXQ==

spark-md5@3.0.0:
  version "3.0.0"
  resolved "https://registry.yarnpkg.com/spark-md5/-/spark-md5-3.0.0.tgz#3722227c54e2faf24b1dc6d933cc144e6f71bfef"
  integrity sha1-NyIifFTi+vJLHcbZM8wUTm9xv+8=

string_decoder@^1.1.1:
  version "1.3.0"
  resolved "https://registry.yarnpkg.com/string_decoder/-/string_decoder-1.3.0.tgz#42f114594a46cf1a8e30b0a84f56c78c3edac21e"
  integrity sha512-hkRX8U1WjJFd8LsDJ2yQ/wWWxaopEsABU1XfkM8A+j0+85JAGppt16cr1Whg6KIbb4okU6Mql6BOj+uup/wKeA==
  dependencies:
    safe-buffer "~5.2.0"

string_decoder@~0.10.x:
  version "0.10.31"
  resolved "https://registry.yarnpkg.com/string_decoder/-/string_decoder-0.10.31.tgz#62e203bc41766c6c28c9fc84301dab1c5310fa94"
  integrity sha1-YuIDvEF2bGwoyfyEMB2rHFMQ+pQ=

through2@3.0.1:
  version "3.0.1"
  resolved "https://registry.yarnpkg.com/through2/-/through2-3.0.1.tgz#39276e713c3302edf9e388dd9c812dd3b825bd5a"
  integrity sha512-M96dvTalPT3YbYLaKaCuwu+j06D/8Jfib0o/PxbVt6Amhv3dUAtW6rTV1jPgJSBG83I/e04Y6xkVdVhSRhi0ww==
  dependencies:
    readable-stream "2 || 3"

tough-cookie@^2.3.3:
  version "2.5.0"
  resolved "https://registry.yarnpkg.com/tough-cookie/-/tough-cookie-2.5.0.tgz#cd9fb2a0aa1d5a12b473bd9fb96fa3dcff65ade2"
  integrity sha512-nlLsUzgm1kfLXSXfRZMc1KLAugd4hqJHDTvc2hDIwS3mZAfMEuMbc03SujMF+GEcpaX/qboeycw6iO8JwVv2+g==
  dependencies:
    psl "^1.1.28"
    punycode "^2.1.1"

util-deprecate@^1.0.1:
  version "1.0.2"
  resolved "https://registry.yarnpkg.com/util-deprecate/-/util-deprecate-1.0.2.tgz#450d4dc9fa70de732762fbd2d4a28981419a0ccf"
  integrity sha1-RQ1Nyfpw3nMnYvvS1KKJgUGaDM8=

uuid@3.3.3:
  version "3.3.3"
  resolved "https://registry.yarnpkg.com/uuid/-/uuid-3.3.3.tgz#4568f0216e78760ee1dbf3a4d2cf53e224112866"
  integrity sha512-pW0No1RGHgzlpHJO1nsVrHKpOEIxkGg1xB+v0ZmdNH5OAeAwzAVrCnI2/6Mtx+Uys6iaylxa+D3g4j63IKKjSQ==

vuvuzela@1.0.3:
  version "1.0.3"
  resolved "https://registry.yarnpkg.com/vuvuzela/-/vuvuzela-1.0.3.tgz#3be145e58271c73ca55279dd851f12a682114b0b"
  integrity sha1-O+FF5YJxxzylUnndhR8SpoIRSws=

write-stream@~0.4.3:
  version "0.4.3"
  resolved "https://registry.yarnpkg.com/write-stream/-/write-stream-0.4.3.tgz#83cc8c0347d0af6057a93862b4e3ae01de5c81c1"
  integrity sha1-g8yMA0fQr2BXqThitOOuAd5cgcE=
  dependencies:
    readable-stream "~0.0.2"

xtend@^4.0.2, xtend@~4.0.0:
  version "4.0.2"
  resolved "https://registry.yarnpkg.com/xtend/-/xtend-4.0.2.tgz#bb72779f5fa465186b1f438f674fa347fdb5db54"
  integrity sha512-LKYU1iAXJXUgAXn9URjiu+MWhyUXHsvfp7mcuYm9dSUKK0/CjtrUwFAxD82/mCWbtLsGjFIad0wIsod4zrTAEQ==
